
Microsoft Visual Studio Solution File, Format Version 12.00
# Visual Studio Version 16
VisualStudioVersion = 25.0.1706.4
MinimumVisualStudioVersion = 10.0.40219.1
Project("{FAE04EC0-301F-11D3-BF4B-00C04F79EFBC}") = "BillsTracker", "BillsTracker\BillsTracker.csproj", "{66D2BD79-02EB-4F87-AEE6-75339A7061F2}"
EndProject
Global
	GlobalSection(SolutionConfigurationPlatforms) = preSolution
		Debug|Any CPU = Debug|Any CPU
		Release|Any CPU = Release|Any CPU
	EndGlobalSection
	GlobalSection(ProjectConfigurationPlatforms) = postSolution
		{66D2BD79-02EB-4F87-AEE6-75339A7061F2}.Debug|Any CPU.ActiveCfg = Debug|Any CPU
		{66D2BD79-02EB-4F87-AEE6-75339A7061F2}.Debug|Any CPU.Build.0 = Debug|Any CPU
		{66D2BD79-02EB-4F87-AEE6-75339A7061F2}.Release|Any CPU.ActiveCfg = Release|Any CPU
		{66D2BD79-02EB-4F87-AEE6-75339A7061F2}.Release|Any CPU.Build.0 = Release|Any CPU
	EndGlobalSection
	GlobalSection(SolutionProperties) = preSolution
		HideSolutionNode = FALSE
	EndGlobalSection
	GlobalSection(ExtensibilityGlobals) = postSolution
		SolutionGuid = {CE8FF67A-3FC5-4E21-8583-6A814AA0CA90}
	EndGlobalSection
EndGlobal
