
Microsoft Visual Studio Solution File, Format Version 12.00
# Visual Studio Version 16
VisualStudioVersion = 25.0.1704.2
MinimumVisualStudioVersion = 10.0.40219.1
Project("{FAE04EC0-301F-11D3-BF4B-00C04F79EFBC}") = "RocketBank", "RocketBank\RocketBank.csproj", "{3091D145-CF5C-460C-B504-B48F7EDAE118}"
EndProject
Global
	GlobalSection(SolutionConfigurationPlatforms) = preSolution
		Debug|Any CPU = Debug|Any CPU
		Release|Any CPU = Release|Any CPU
	EndGlobalSection
	GlobalSection(ProjectConfigurationPlatforms) = postSolution
		{3091D145-CF5C-460C-B504-B48F7EDAE118}.Debug|Any CPU.ActiveCfg = Debug|Any CPU
		{3091D145-CF5C-460C-B504-B48F7EDAE118}.Debug|Any CPU.Build.0 = Debug|Any CPU
		{3091D145-CF5C-460C-B504-B48F7EDAE118}.Release|Any CPU.ActiveCfg = Release|Any CPU
		{3091D145-CF5C-460C-B504-B48F7EDAE118}.Release|Any CPU.Build.0 = Release|Any CPU
	EndGlobalSection
	GlobalSection(SolutionProperties) = preSolution
		HideSolutionNode = FALSE
	EndGlobalSection
	GlobalSection(ExtensibilityGlobals) = postSolution
		SolutionGuid = {650AA206-937D-40BE-957C-04268FF55FB9}
	EndGlobalSection
EndGlobal
