
Microsoft Visual Studio Solution File, Format Version 12.00
# Visual Studio Version 16
VisualStudioVersion = 25.0.1706.4
MinimumVisualStudioVersion = 10.0.40219.1
Project("{FAE04EC0-301F-11D3-BF4B-00C04F79EFBC}") = "HtmxNotes", "HtmxNotes\HtmxNotes.csproj", "{DBD6734A-D1F2-4156-AF54-1C5F8F5D8DBD}"
EndProject
Global
	GlobalSection(SolutionConfigurationPlatforms) = preSolution
		Debug|Any CPU = Debug|Any CPU
		Release|Any CPU = Release|Any CPU
	EndGlobalSection
	GlobalSection(ProjectConfigurationPlatforms) = postSolution
		{DBD6734A-D1F2-4156-AF54-1C5F8F5D8DBD}.Debug|Any CPU.ActiveCfg = Debug|Any CPU
		{DBD6734A-D1F2-4156-AF54-1C5F8F5D8DBD}.Debug|Any CPU.Build.0 = Debug|Any CPU
		{DBD6734A-D1F2-4156-AF54-1C5F8F5D8DBD}.Release|Any CPU.ActiveCfg = Release|Any CPU
		{DBD6734A-D1F2-4156-AF54-1C5F8F5D8DBD}.Release|Any CPU.Build.0 = Release|Any CPU
	EndGlobalSection
	GlobalSection(SolutionProperties) = preSolution
		HideSolutionNode = FALSE
	EndGlobalSection
	GlobalSection(ExtensibilityGlobals) = postSolution
		SolutionGuid = {B4004203-D7FF-4852-A297-1FBA238A97DC}
	EndGlobalSection
EndGlobal
